// !$*UTF8*$!
{
	archiveVersion = 1;
	classes = {
	};
	objectVersion = 56;
	objects = {

/* Begin PBXBuildFile section */
		51768B442C3E527300EE086E /* Chat_ObserverApp.swift in Sources */ = {isa = PBXBuildFile; fileRef = 51768B432C3E527300EE086E /* Chat_ObserverApp.swift */; };
		51768B462C3E527300EE086E /* ContentView.swift in Sources */ = {isa = PBXBuildFile; fileRef = 51768B452C3E527300EE086E /* ContentView.swift */; };
		51768B482C3E527400EE086E /* Assets.xcassets in Resources */ = {isa = PBXBuildFile; fileRef = 51768B472C3E527400EE086E /* Assets.xcassets */; };
		51768B4B2C3E527400EE086E /* Preview Assets.xcassets in Resources */ = {isa = PBXBuildFile; fileRef = 51768B4A2C3E527400EE086E /* Preview Assets.xcassets */; };
		51768B552C3E527400EE086E /* Chat_ObserverTests.swift in Sources */ = {isa = PBXBuildFile; fileRef = 51768B542C3E527400EE086E /* Chat_ObserverTests.swift */; };
		51768B5F2C3E527400EE086E /* Chat_ObserverUITests.swift in Sources */ = {isa = PBXBuildFile; fileRef = 51768B5E2C3E527400EE086E /* Chat_ObserverUITests.swift */; };
		51768B612C3E527400EE086E /* Chat_ObserverUITestsLaunchTests.swift in Sources */ = {isa = PBXBuildFile; fileRef = 51768B602C3E527400EE086E /* Chat_ObserverUITestsLaunchTests.swift */; };
		51768B6E2C3E635400EE086E /* WebView.swift in Sources */ = {isa = PBXBuildFile; fileRef = 51768B6D2C3E635400EE086E /* WebView.swift */; };
/* End PBXBuildFile section */

/* Begin PBXContainerItemProxy section */
		51768B512C3E527400EE086E /* PBXContainerItemProxy */ = {
			isa = PBXContainerItemProxy;
			containerPortal = 51768B382C3E527300EE086E /* Project object */;
			proxyType = 1;
			remoteGlobalIDString = 51768B3F2C3E527300EE086E;
			remoteInfo = "Chat Observer";
		};
		51768B5B2C3E527400EE086E /* PBXContainerItemProxy */ = {
			isa = PBXContainerItemProxy;
			containerPortal = 51768B382C3E527300EE086E /* Project object */;
			proxyType = 1;
			remoteGlobalIDString = 51768B3F2C3E527300EE086E;
			remoteInfo = "Chat Observer";
		};
/* End PBXContainerItemProxy section */

/* Begin PBXFileReference section */
		51768B402C3E527300EE086E /* Chat Observer.app */ = {isa = PBXFileReference; explicitFileType = wrapper.application; includeInIndex = 0; path = "Chat Observer.app"; sourceTree = BUILT_PRODUCTS_DIR; };
		51768B432C3E527300EE086E /* Chat_ObserverApp.swift */ = {isa = PBXFileReference; lastKnownFileType = sourcecode.swift; path = Chat_ObserverApp.swift; sourceTree = "<group>"; };
		51768B452C3E527300EE086E /* ContentView.swift */ = {isa = PBXFileReference; lastKnownFileType = sourcecode.swift; path = ContentView.swift; sourceTree = "<group>"; };
		51768B472C3E527400EE086E /* Assets.xcassets */ = {isa = PBXFileReference; lastKnownFileType = folder.assetcatalog; path = Assets.xcassets; sourceTree = "<group>"; };
		51768B4A2C3E527400EE086E /* Preview Assets.xcassets */ = {isa = PBXFileReference; lastKnownFileType = folder.assetcatalog; path = "Preview Assets.xcassets"; sourceTree = "<group>"; };
		51768B502C3E527400EE086E /* Chat ObserverTests.xctest */ = {isa = PBXFileReference; explicitFileType = wrapper.cfbundle; includeInIndex = 0; path = "Chat ObserverTests.xctest"; sourceTree = BUILT_PRODUCTS_DIR; };
		51768B542C3E527400EE086E /* Chat_ObserverTests.swift */ = {isa = PBXFileReference; lastKnownFileType = sourcecode.swift; path = Chat_ObserverTests.swift; sourceTree = "<group>"; };
		51768B5A2C3E527400EE086E /* Chat ObserverUITests.xctest */ = {isa = PBXFileReference; explicitFileType = wrapper.cfbundle; includeInIndex = 0; path = "Chat ObserverUITests.xctest"; sourceTree = BUILT_PRODUCTS_DIR; };
		51768B5E2C3E527400EE086E /* Chat_ObserverUITests.swift */ = {isa = PBXFileReference; lastKnownFileType = sourcecode.swift; path = Chat_ObserverUITests.swift; sourceTree = "<group>"; };
		51768B602C3E527400EE086E /* Chat_ObserverUITestsLaunchTests.swift */ = {isa = PBXFileReference; lastKnownFileType = sourcecode.swift; path = Chat_ObserverUITestsLaunchTests.swift; sourceTree = "<group>"; };
		51768B6D2C3E635400EE086E /* WebView.swift */ = {isa = PBXFileReference; lastKnownFileType = sourcecode.swift; path = WebView.swift; sourceTree = "<group>"; };
/* End PBXFileReference section */

/* Begin PBXFrameworksBuildPhase section */
		51768B3D2C3E527300EE086E /* Frameworks */ = {
			isa = PBXFrameworksBuildPhase;
			buildActionMask = 2147483647;
			files = (
			);
			runOnlyForDeploymentPostprocessing = 0;
		};
		51768B4D2C3E527400EE086E /* Frameworks */ = {
			isa = PBXFrameworksBuildPhase;
			buildActionMask = 2147483647;
			files = (
			);
			runOnlyForDeploymentPostprocessing = 0;
		};
		51768B572C3E527400EE086E /* Frameworks */ = {
			isa = PBXFrameworksBuildPhase;
			buildActionMask = 2147483647;
			files = (
			);
			runOnlyForDeploymentPostprocessing = 0;
		};
/* End PBXFrameworksBuildPhase section */

/* Begin PBXGroup section */
		51768B372C3E527300EE086E = {
			isa = PBXGroup;
			children = (
				51768B422C3E527300EE086E /* Chat Observer */,
				51768B532C3E527400EE086E /* Chat ObserverTests */,
				51768B5D2C3E527400EE086E /* Chat ObserverUITests */,
				51768B412C3E527300EE086E /* Products */,
			);
			sourceTree = "<group>";
		};
		51768B412C3E527300EE086E /* Products */ = {
			isa = PBXGroup;
			children = (
				51768B402C3E527300EE086E /* Chat Observer.app */,
				51768B502C3E527400EE086E /* Chat ObserverTests.xctest */,
				51768B5A2C3E527400EE086E /* Chat ObserverUITests.xctest */,
			);
			name = Products;
			sourceTree = "<group>";
		};
		51768B422C3E527300EE086E /* Chat Observer */ = {
			isa = PBXGroup;
			children = (
				51768B432C3E527300EE086E /* Chat_ObserverApp.swift */,
				51768B452C3E527300EE086E /* ContentView.swift */,
				51768B6D2C3E635400EE086E /* WebView.swift */,
				51768B472C3E527400EE086E /* Assets.xcassets */,
				51768B492C3E527400EE086E /* Preview Content */,
			);
			path = "Chat Observer";
			sourceTree = "<group>";
		};
		51768B492C3E527400EE086E /* Preview Content */ = {
			isa = PBXGroup;
			children = (
				51768B4A2C3E527400EE086E /* Preview Assets.xcassets */,
			);
			path = "Preview Content";
			sourceTree = "<group>";
		};
		51768B532C3E527400EE086E /* Chat ObserverTests */ = {
			isa = PBXGroup;
			children = (
				51768B542C3E527400EE086E /* Chat_ObserverTests.swift */,
			);
			path = "Chat ObserverTests";
			sourceTree = "<group>";
		};
		51768B5D2C3E527400EE086E /* Chat ObserverUITests */ = {
			isa = PBXGroup;
			children = (
				51768B5E2C3E527400EE086E /* Chat_ObserverUITests.swift */,
				51768B602C3E527400EE086E /* Chat_ObserverUITestsLaunchTests.swift */,
			);
			path = "Chat ObserverUITests";
			sourceTree = "<group>";
		};
/* End PBXGroup section */

/* Begin PBXNativeTarget section */
		51768B3F2C3E527300EE086E /* Chat Observer */ = {
			isa = PBXNativeTarget;
			buildConfigurationList = 51768B642C3E527400EE086E /* Build configuration list for PBXNativeTarget "Chat Observer" */;
			buildPhases = (
				51768B3C2C3E527300EE086E /* Sources */,
				51768B3D2C3E527300EE086E /* Frameworks */,
				51768B3E2C3E527300EE086E /* Resources */,
			);
			buildRules = (
			);
			dependencies = (
			);
			name = "Chat Observer";
			productName = "Chat Observer";
			productReference = 51768B402C3E527300EE086E /* Chat Observer.app */;
			productType = "com.apple.product-type.application";
		};
		51768B4F2C3E527400EE086E /* Chat ObserverTests */ = {
			isa = PBXNativeTarget;
			buildConfigurationList = 51768B672C3E527400EE086E /* Build configuration list for PBXNativeTarget "Chat ObserverTests" */;
			buildPhases = (
				51768B4C2C3E527400EE086E /* Sources */,
				51768B4D2C3E527400EE086E /* Frameworks */,
				51768B4E2C3E527400EE086E /* Resources */,
			);
			buildRules = (
			);
			dependencies = (
				51768B522C3E527400EE086E /* PBXTargetDependency */,
			);
			name = "Chat ObserverTests";
			productName = "Chat ObserverTests";
			productReference = 51768B502C3E527400EE086E /* Chat ObserverTests.xctest */;
			productType = "com.apple.product-type.bundle.unit-test";
		};
		51768B592C3E527400EE086E /* Chat ObserverUITests */ = {
			isa = PBXNativeTarget;
			buildConfigurationList = 51768B6A2C3E527400EE086E /* Build configuration list for PBXNativeTarget "Chat ObserverUITests" */;
			buildPhases = (
				51768B562C3E527400EE086E /* Sources */,
				51768B572C3E527400EE086E /* Frameworks */,
				51768B582C3E527400EE086E /* Resources */,
			);
			buildRules = (
			);
			dependencies = (
				51768B5C2C3E527400EE086E /* PBXTargetDependency */,
			);
			name = "Chat ObserverUITests";
			productName = "Chat ObserverUITests";
			productReference = 51768B5A2C3E527400EE086E /* Chat ObserverUITests.xctest */;
			productType = "com.apple.product-type.bundle.ui-testing";
		};
/* End PBXNativeTarget section */

/* Begin PBXProject section */
		51768B382C3E527300EE086E /* Project object */ = {
			isa = PBXProject;
			attributes = {
				BuildIndependentTargetsInParallel = 1;
				LastSwiftUpdateCheck = 1540;
				LastUpgradeCheck = 1540;
				TargetAttributes = {
					51768B3F2C3E527300EE086E = {
						CreatedOnToolsVersion = 15.4;
					};
					51768B4F2C3E527400EE086E = {
						CreatedOnToolsVersion = 15.4;
						TestTargetID = 51768B3F2C3E527300EE086E;
					};
					51768B592C3E527400EE086E = {
						CreatedOnToolsVersion = 15.4;
						TestTargetID = 51768B3F2C3E527300EE086E;
					};
				};
			};
			buildConfigurationList = 51768B3B2C3E527300EE086E /* Build configuration list for PBXProject "Chat Observer" */;
			compatibilityVersion = "Xcode 14.0";
			developmentRegion = en;
			hasScannedForEncodings = 0;
			knownRegions = (
				en,
				Base,
			);
			mainGroup = 51768B372C3E527300EE086E;
			productRefGroup = 51768B412C3E527300EE086E /* Products */;
			projectDirPath = "";
			projectRoot = "";
			targets = (
				51768B3F2C3E527300EE086E /* Chat Observer */,
				51768B4F2C3E527400EE086E /* Chat ObserverTests */,
				51768B592C3E527400EE086E /* Chat ObserverUITests */,
			);
		};
/* End PBXProject section */

/* Begin PBXResourcesBuildPhase section */
		51768B3E2C3E527300EE086E /* Resources */ = {
			isa = PBXResourcesBuildPhase;
			buildActionMask = 2147483647;
			files = (
				51768B4B2C3E527400EE086E /* Preview Assets.xcassets in Resources */,
				51768B482C3E527400EE086E /* Assets.xcassets in Resources */,
			);
			runOnlyForDeploymentPostprocessing = 0;
		};
		51768B4E2C3E527400EE086E /* Resources */ = {
			isa = PBXResourcesBuildPhase;
			buildActionMask = 2147483647;
			files = (
			);
			runOnlyForDeploymentPostprocessing = 0;
		};
		51768B582C3E527400EE086E /* Resources */ = {
			isa = PBXResourcesBuildPhase;
			buildActionMask = 2147483647;
			files = (
			);
			runOnlyForDeploymentPostprocessing = 0;
		};
/* End PBXResourcesBuildPhase section */

/* Begin PBXSourcesBuildPhase section */
		51768B3C2C3E527300EE086E /* Sources */ = {
			isa = PBXSourcesBuildPhase;
			buildActionMask = 2147483647;
			files = (
				51768B6E2C3E635400EE086E /* WebView.swift in Sources */,
				51768B462C3E527300EE086E /* ContentView.swift in Sources */,
				51768B442C3E527300EE086E /* Chat_ObserverApp.swift in Sources */,
			);
			runOnlyForDeploymentPostprocessing = 0;
		};
		51768B4C2C3E527400EE086E /* Sources */ = {
			isa = PBXSourcesBuildPhase;
			buildActionMask = 2147483647;
			files = (
				51768B552C3E527400EE086E /* Chat_ObserverTests.swift in Sources */,
			);
			runOnlyForDeploymentPostprocessing = 0;
		};
		51768B562C3E527400EE086E /* Sources */ = {
			isa = PBXSourcesBuildPhase;
			buildActionMask = 2147483647;
			files = (
				51768B612C3E527400EE086E /* Chat_ObserverUITestsLaunchTests.swift in Sources */,
				51768B5F2C3E527400EE086E /* Chat_ObserverUITests.swift in Sources */,
			);
			runOnlyForDeploymentPostprocessing = 0;
		};
/* End PBXSourcesBuildPhase section */

/* Begin PBXTargetDependency section */
		51768B522C3E527400EE086E /* PBXTargetDependency */ = {
			isa = PBXTargetDependency;
			target = 51768B3F2C3E527300EE086E /* Chat Observer */;
			targetProxy = 51768B512C3E527400EE086E /* PBXContainerItemProxy */;
		};
		51768B5C2C3E527400EE086E /* PBXTargetDependency */ = {
			isa = PBXTargetDependency;
			target = 51768B3F2C3E527300EE086E /* Chat Observer */;
			targetProxy = 51768B5B2C3E527400EE086E /* PBXContainerItemProxy */;
		};
/* End PBXTargetDependency section */

/* Begin XCBuildConfiguration section */
		51768B622C3E527400EE086E /* Debug */ = {
			isa = XCBuildConfiguration;
			buildSettings = {
				ALWAYS_SEARCH_USER_PATHS = NO;
				ASSETCATALOG_COMPILER_GENERATE_SWIFT_ASSET_SYMBOL_EXTENSIONS = YES;
				CLANG_ANALYZER_NONNULL = YES;
				CLANG_ANALYZER_NUMBER_OBJECT_CONVERSION = YES_AGGRESSIVE;
				CLANG_CXX_LANGUAGE_STANDARD = "gnu++20";
				CLANG_ENABLE_MODULES = YES;
				CLANG_ENABLE_OBJC_ARC = YES;
				CLANG_ENABLE_OBJC_WEAK = YES;
				CLANG_WARN_BLOCK_CAPTURE_AUTORELEASING = YES;
				CLANG_WARN_BOOL_CONVERSION = YES;
				CLANG_WARN_COMMA = YES;
				CLANG_WARN_CONSTANT_CONVERSION = YES;
				CLANG_WARN_DEPRECATED_OBJC_IMPLEMENTATIONS = YES;
				CLANG_WARN_DIRECT_OBJC_ISA_USAGE = YES_ERROR;
				CLANG_WARN_DOCUMENTATION_COMMENTS = YES;
				CLANG_WARN_EMPTY_BODY = YES;
				CLANG_WARN_ENUM_CONVERSION = YES;
				CLANG_WARN_INFINITE_RECURSION = YES;
				CLANG_WARN_INT_CONVERSION = YES;
				CLANG_WARN_NON_LITERAL_NULL_CONVERSION = YES;
				CLANG_WARN_OBJC_IMPLICIT_RETAIN_SELF = YES;
				CLANG_WARN_OBJC_LITERAL_CONVERSION = YES;
				CLANG_WARN_OBJC_ROOT_CLASS = YES_ERROR;
				CLANG_WARN_QUOTED_INCLUDE_IN_FRAMEWORK_HEADER = YES;
				CLANG_WARN_RANGE_LOOP_ANALYSIS = YES;
				CLANG_WARN_STRICT_PROTOTYPES = YES;
				CLANG_WARN_SUSPICIOUS_MOVE = YES;
				CLANG_WARN_UNGUARDED_AVAILABILITY = YES_AGGRESSIVE;
				CLANG_WARN_UNREACHABLE_CODE = YES;
				CLANG_WARN__DUPLICATE_METHOD_MATCH = YES;
				COPY_PHASE_STRIP = NO;
				DEBUG_INFORMATION_FORMAT = dwarf;
				ENABLE_STRICT_OBJC_MSGSEND = YES;
				ENABLE_TESTABILITY = YES;
				ENABLE_USER_SCRIPT_SANDBOXING = YES;
				GCC_C_LANGUAGE_STANDARD = gnu17;
				GCC_DYNAMIC_NO_PIC = NO;
				GCC_NO_COMMON_BLOCKS = YES;
				GCC_OPTIMIZATION_LEVEL = 0;
				GCC_PREPROCESSOR_DEFINITIONS = (
					"DEBUG=1",
					"$(inherited)",
				);
				GCC_WARN_64_TO_32_BIT_CONVERSION = YES;
				GCC_WARN_ABOUT_RETURN_TYPE = YES_ERROR;
				GCC_WARN_UNDECLARED_SELECTOR = YES;
				GCC_WARN_UNINITIALIZED_AUTOS = YES_AGGRESSIVE;
				GCC_WARN_UNUSED_FUNCTION = YES;
				GCC_WARN_UNUSED_VARIABLE = YES;
				IPHONEOS_DEPLOYMENT_TARGET = 17.5;
				LOCALIZATION_PREFERS_STRING_CATALOGS = YES;
				MTL_ENABLE_DEBUG_INFO = INCLUDE_SOURCE;
				MTL_FAST_MATH = YES;
				ONLY_ACTIVE_ARCH = YES;
				SDKROOT = iphoneos;
				SWIFT_ACTIVE_COMPILATION_CONDITIONS = "DEBUG $(inherited)";
				SWIFT_OPTIMIZATION_LEVEL = "-Onone";
			};
			name = Debug;
		};
		51768B632C3E527400EE086E /* Release */ = {
			isa = XCBuildConfiguration;
			buildSettings = {
				ALWAYS_SEARCH_USER_PATHS = NO;
				ASSETCATALOG_COMPILER_GENERATE_SWIFT_ASSET_SYMBOL_EXTENSIONS = YES;
				CLANG_ANALYZER_NONNULL = YES;
				CLANG_ANALYZER_NUMBER_OBJECT_CONVERSION = YES_AGGRESSIVE;
				CLANG_CXX_LANGUAGE_STANDARD = "gnu++20";
				CLANG_ENABLE_MODULES = YES;
				CLANG_ENABLE_OBJC_ARC = YES;
				CLANG_ENABLE_OBJC_WEAK = YES;
				CLANG_WARN_BLOCK_CAPTURE_AUTORELEASING = YES;
				CLANG_WARN_BOOL_CONVERSION = YES;
				CLANG_WARN_COMMA = YES;
				CLANG_WARN_CONSTANT_CONVERSION = YES;
				CLANG_WARN_DEPRECATED_OBJC_IMPLEMENTATIONS = YES;
				CLANG_WARN_DIRECT_OBJC_ISA_USAGE = YES_ERROR;
				CLANG_WARN_DOCUMENTATION_COMMENTS = YES;
				CLANG_WARN_EMPTY_BODY = YES;
				CLANG_WARN_ENUM_CONVERSION = YES;
				CLANG_WARN_INFINITE_RECURSION = YES;
				CLANG_WARN_INT_CONVERSION = YES;
				CLANG_WARN_NON_LITERAL_NULL_CONVERSION = YES;
				CLANG_WARN_OBJC_IMPLICIT_RETAIN_SELF = YES;
				CLANG_WARN_OBJC_LITERAL_CONVERSION = YES;
				CLANG_WARN_OBJC_ROOT_CLASS = YES_ERROR;
				CLANG_WARN_QUOTED_INCLUDE_IN_FRAMEWORK_HEADER = YES;
				CLANG_WARN_RANGE_LOOP_ANALYSIS = YES;
				CLANG_WARN_STRICT_PROTOTYPES = YES;
				CLANG_WARN_SUSPICIOUS_MOVE = YES;
				CLANG_WARN_UNGUARDED_AVAILABILITY = YES_AGGRESSIVE;
				CLANG_WARN_UNREACHABLE_CODE = YES;
				CLANG_WARN__DUPLICATE_METHOD_MATCH = YES;
				COPY_PHASE_STRIP = NO;
				DEBUG_INFORMATION_FORMAT = "dwarf-with-dsym";
				ENABLE_NS_ASSERTIONS = NO;
				ENABLE_STRICT_OBJC_MSGSEND = YES;
				ENABLE_USER_SCRIPT_SANDBOXING = YES;
				GCC_C_LANGUAGE_STANDARD = gnu17;
				GCC_NO_COMMON_BLOCKS = YES;
				GCC_WARN_64_TO_32_BIT_CONVERSION = YES;
				GCC_WARN_ABOUT_RETURN_TYPE = YES_ERROR;
				GCC_WARN_UNDECLARED_SELECTOR = YES;
				GCC_WARN_UNINITIALIZED_AUTOS = YES_AGGRESSIVE;
				GCC_WARN_UNUSED_FUNCTION = YES;
				GCC_WARN_UNUSED_VARIABLE = YES;
				IPHONEOS_DEPLOYMENT_TARGET = 17.5;
				LOCALIZATION_PREFERS_STRING_CATALOGS = YES;
				MTL_ENABLE_DEBUG_INFO = NO;
				MTL_FAST_MATH = YES;
				SDKROOT = iphoneos;
				SWIFT_COMPILATION_MODE = wholemodule;
				VALIDATE_PRODUCT = YES;
			};
			name = Release;
		};
		51768B652C3E527400EE086E /* Debug */ = {
			isa = XCBuildConfiguration;
			buildSettings = {
				ASSETCATALOG_COMPILER_APPICON_NAME = AppIcon;
				ASSETCATALOG_COMPILER_GLOBAL_ACCENT_COLOR_NAME = AccentColor;
				CODE_SIGN_STYLE = Automatic;
				CURRENT_PROJECT_VERSION = 1;
				DEVELOPMENT_ASSET_PATHS = "\"Chat Observer/Preview Content\"";
				ENABLE_PREVIEWS = YES;
				GENERATE_INFOPLIST_FILE = YES;
				INFOPLIST_KEY_UIApplicationSceneManifest_Generation = YES;
				INFOPLIST_KEY_UIApplicationSupportsIndirectInputEvents = YES;
				INFOPLIST_KEY_UILaunchScreen_Generation = YES;
				INFOPLIST_KEY_UISupportedInterfaceOrientations_iPad = "UIInterfaceOrientationPortrait UIInterfaceOrientationPortraitUpsideDown UIInterfaceOrientationLandscapeLeft UIInterfaceOrientationLandscapeRight";
				INFOPLIST_KEY_UISupportedInterfaceOrientations_iPhone = "UIInterfaceOrientationPortrait UIInterfaceOrientationLandscapeLeft UIInterfaceOrientationLandscapeRight";
				LD_RUNPATH_SEARCH_PATHS = (
					"$(inherited)",
					"@executable_path/Frameworks",
				);
				MARKETING_VERSION = 1.0;
				PRODUCT_BUNDLE_IDENTIFIER = "onlyMe.Chat-Observer";
				PRODUCT_NAME = "$(TARGET_NAME)";
				SWIFT_EMIT_LOC_STRINGS = YES;
				SWIFT_VERSION = 5.0;
				TARGETED_DEVICE_FAMILY = "1,2";
			};
			name = Debug;
		};
		51768B662C3E527400EE086E /* Release */ = {
			isa = XCBuildConfiguration;
			buildSettings = {
				ASSETCATALOG_COMPILER_APPICON_NAME = AppIcon;
				ASSETCATALOG_COMPILER_GLOBAL_ACCENT_COLOR_NAME = AccentColor;
				CODE_SIGN_STYLE = Automatic;
				CURRENT_PROJECT_VERSION = 1;
				DEVELOPMENT_ASSET_PATHS = "\"Chat Observer/Preview Content\"";
				ENABLE_PREVIEWS = YES;
				GENERATE_INFOPLIST_FILE = YES;
				INFOPLIST_KEY_UIApplicationSceneManifest_Generation = YES;
				INFOPLIST_KEY_UIApplicationSupportsIndirectInputEvents = YES;
				INFOPLIST_KEY_UILaunchScreen_Generation = YES;
				INFOPLIST_KEY_UISupportedInterfaceOrientations_iPad = "UIInterfaceOrientationPortrait UIInterfaceOrientationPortraitUpsideDown UIInterfaceOrientationLandscapeLeft UIInterfaceOrientationLandscapeRight";
				INFOPLIST_KEY_UISupportedInterfaceOrientations_iPhone = "UIInterfaceOrientationPortrait UIInterfaceOrientationLandscapeLeft UIInterfaceOrientationLandscapeRight";
				LD_RUNPATH_SEARCH_PATHS = (
					"$(inherited)",
					"@executable_path/Frameworks",
				);
				MARKETING_VERSION = 1.0;
				PRODUCT_BUNDLE_IDENTIFIER = "onlyMe.Chat-Observer";
				PRODUCT_NAME = "$(TARGET_NAME)";
				SWIFT_EMIT_LOC_STRINGS = YES;
				SWIFT_VERSION = 5.0;
				TARGETED_DEVICE_FAMILY = "1,2";
			};
			name = Release;
		};
		51768B682C3E527400EE086E /* Debug */ = {
			isa = XCBuildConfiguration;
			buildSettings = {
				ALWAYS_EMBED_SWIFT_STANDARD_LIBRARIES = YES;
				BUNDLE_LOADER = "$(TEST_HOST)";
				CODE_SIGN_STYLE = Automatic;
				CURRENT_PROJECT_VERSION = 1;
				GENERATE_INFOPLIST_FILE = YES;
				IPHONEOS_DEPLOYMENT_TARGET = 17.5;
				MARKETING_VERSION = 1.0;
				PRODUCT_BUNDLE_IDENTIFIER = "onlyMe.Chat-ObserverTests";
				PRODUCT_NAME = "$(TARGET_NAME)";
				SWIFT_EMIT_LOC_STRINGS = NO;
				SWIFT_VERSION = 5.0;
				TARGETED_DEVICE_FAMILY = "1,2";
				TEST_HOST = "$(BUILT_PRODUCTS_DIR)/Chat Observer.app/$(BUNDLE_EXECUTABLE_FOLDER_PATH)/Chat Observer";
			};
			name = Debug;
		};
		51768B692C3E527400EE086E /* Release */ = {
			isa = XCBuildConfiguration;
			buildSettings = {
				ALWAYS_EMBED_SWIFT_STANDARD_LIBRARIES = YES;
				BUNDLE_LOADER = "$(TEST_HOST)";
				CODE_SIGN_STYLE = Automatic;
				CURRENT_PROJECT_VERSION = 1;
				GENERATE_INFOPLIST_FILE = YES;
				IPHONEOS_DEPLOYMENT_TARGET = 17.5;
				MARKETING_VERSION = 1.0;
				PRODUCT_BUNDLE_IDENTIFIER = "onlyMe.Chat-ObserverTests";
				PRODUCT_NAME = "$(TARGET_NAME)";
				SWIFT_EMIT_LOC_STRINGS = NO;
				SWIFT_VERSION = 5.0;
				TARGETED_DEVICE_FAMILY = "1,2";
				TEST_HOST = "$(BUILT_PRODUCTS_DIR)/Chat Observer.app/$(BUNDLE_EXECUTABLE_FOLDER_PATH)/Chat Observer";
			};
			name = Release;
		};
		51768B6B2C3E527400EE086E /* Debug */ = {
			isa = XCBuildConfiguration;
			buildSettings = {
				ALWAYS_EMBED_SWIFT_STANDARD_LIBRARIES = YES;
				CODE_SIGN_STYLE = Automatic;
				CURRENT_PROJECT_VERSION = 1;
				GENERATE_INFOPLIST_FILE = YES;
				MARKETING_VERSION = 1.0;
				PRODUCT_BUNDLE_IDENTIFIER = "onlyMe.Chat-ObserverUITests";
				PRODUCT_NAME = "$(TARGET_NAME)";
				SWIFT_EMIT_LOC_STRINGS = NO;
				SWIFT_VERSION = 5.0;
				TARGETED_DEVICE_FAMILY = "1,2";
				TEST_TARGET_NAME = "Chat Observer";
			};
			name = Debug;
		};
		51768B6C2C3E527400EE086E /* Release */ = {
			isa = XCBuildConfiguration;
			buildSettings = {
				ALWAYS_EMBED_SWIFT_STANDARD_LIBRARIES = YES;
				CODE_SIGN_STYLE = Automatic;
				CURRENT_PROJECT_VERSION = 1;
				GENERATE_INFOPLIST_FILE = YES;
				MARKETING_VERSION = 1.0;
				PRODUCT_BUNDLE_IDENTIFIER = "onlyMe.Chat-ObserverUITests";
				PRODUCT_NAME = "$(TARGET_NAME)";
				SWIFT_EMIT_LOC_STRINGS = NO;
				SWIFT_VERSION = 5.0;
				TARGETED_DEVICE_FAMILY = "1,2";
				TEST_TARGET_NAME = "Chat Observer";
			};
			name = Release;
		};
/* End XCBuildConfiguration section */

/* Begin XCConfigurationList section */
		51768B3B2C3E527300EE086E /* Build configuration list for PBXProject "Chat Observer" */ = {
			isa = XCConfigurationList;
			buildConfigurations = (
				51768B622C3E527400EE086E /* Debug */,
				51768B632C3E527400EE086E /* Release */,
			);
			defaultConfigurationIsVisible = 0;
			defaultConfigurationName = Release;
		};
		51768B642C3E527400EE086E /* Build configuration list for PBXNativeTarget "Chat Observer" */ = {
			isa = XCConfigurationList;
			buildConfigurations = (
				51768B652C3E527400EE086E /* Debug */,
				51768B662C3E527400EE086E /* Release */,
			);
			defaultConfigurationIsVisible = 0;
			defaultConfigurationName = Release;
		};
		51768B672C3E527400EE086E /* Build configuration list for PBXNativeTarget "Chat ObserverTests" */ = {
			isa = XCConfigurationList;
			buildConfigurations = (
				51768B682C3E527400EE086E /* Debug */,
				51768B692C3E527400EE086E /* Release */,
			);
			defaultConfigurationIsVisible = 0;
			defaultConfigurationName = Release;
		};
		51768B6A2C3E527400EE086E /* Build configuration list for PBXNativeTarget "Chat ObserverUITests" */ = {
			isa = XCConfigurationList;
			buildConfigurations = (
				51768B6B2C3E527400EE086E /* Debug */,
				51768B6C2C3E527400EE086E /* Release */,
			);
			defaultConfigurationIsVisible = 0;
			defaultConfigurationName = Release;
		};
/* End XCConfigurationList section */
	};
	rootObject = 51768B382C3E527300EE086E /* Project object */;
}
